// !$*UTF8*$!
{
	archiveVersion = 1;
	classes = {
	};
	objectVersion = 46;
	objects = {

/* Begin PBXBuildFile section */
		C519EEC61F74FC37004BCE3A /* FBViewController.m in Sources */ = {isa = PBXBuildFile; fileRef = C519EEC51F74FC37004BCE3A /* FBViewController.m */; };
		C519EEC91F74FCA8004BCE3A /* FBModel.m in Sources */ = {isa = PBXBuildFile; fileRef = C519EEC81F74FCA8004BCE3A /* FBModel.m */; };
		C519EECD1F74FF7F004BCE3A /* Introduce in Resources */ = {isa = PBXBuildFile; fileRef = C519EECC1F74FF7F004BCE3A /* Introduce */; };
		C519EED11F751E37004BCE3A /* FBIOManager.m in Sources */ = {isa = PBXBuildFile; fileRef = C519EED01F751E37004BCE3A /* FBIOManager.m */; };
		C519EEFA1F75274D004BCE3A /* NetTest.m in Sources */ = {isa = PBXBuildFile; fileRef = C519EEF91F75274D004BCE3A /* NetTest.m */; };
		C5314A2A1F4E82F500EEAC43 /* main.m in Sources */ = {isa = PBXBuildFile; fileRef = C5314A291F4E82F500EEAC43 /* main.m */; };
		C5314A2D1F4E82F500EEAC43 /* AppDelegate.m in Sources */ = {isa = PBXBuildFile; fileRef = C5314A2C1F4E82F500EEAC43 /* AppDelegate.m */; };
		C5314A301F4E82F500EEAC43 /* ViewController.m in Sources */ = {isa = PBXBuildFile; fileRef = C5314A2F1F4E82F500EEAC43 /* ViewController.m */; };
		C5314A331F4E82F500EEAC43 /* Main.storyboard in Resources */ = {isa = PBXBuildFile; fileRef = C5314A311F4E82F500EEAC43 /* Main.storyboard */; };
		C5314A361F4E82F500EEAC43 /* RomanEmpire.xcdatamodeld in Sources */ = {isa = PBXBuildFile; fileRef = C5314A341F4E82F500EEAC43 /* RomanEmpire.xcdatamodeld */; };
		C5314A381F4E82F500EEAC43 /* Assets.xcassets in Resources */ = {isa = PBXBuildFile; fileRef = C5314A371F4E82F500EEAC43 /* Assets.xcassets */; };
		C5314A3B1F4E82F500EEAC43 /* LaunchScreen.storyboard in Resources */ = {isa = PBXBuildFile; fileRef = C5314A391F4E82F500EEAC43 /* LaunchScreen.storyboard */; };
		C5314A4A1F4EAB8D00EEAC43 /* Person.m in Sources */ = {isa = PBXBuildFile; fileRef = C5314A491F4EAB8C00EEAC43 /* Person.m */; };
		C5314A4D1F4EAC3D00EEAC43 /* REHuman.m in Sources */ = {isa = PBXBuildFile; fileRef = C5314A4C1F4EAC3D00EEAC43 /* REHuman.m */; };
		C582D1DB1F6A8A6000903D33 /* FBLog.m in Sources */ = {isa = PBXBuildFile; fileRef = C582D1DA1F6A8A6000903D33 /* FBLog.m */; };
		C582D1E21F6A96E200903D33 /* NSString+FBInfo.m in Sources */ = {isa = PBXBuildFile; fileRef = C582D1E11F6A96E200903D33 /* NSString+FBInfo.m */; };
		C5A7D1EF1FA322FF0081E3D6 /* RuntimeTestVC.m in Sources */ = {isa = PBXBuildFile; fileRef = C5A7D1EE1FA322FF0081E3D6 /* RuntimeTestVC.m */; };
/* End PBXBuildFile section */

/* Begin PBXFileReference section */
		C519EEC41F74FC37004BCE3A /* FBViewController.h */ = {isa = PBXFileReference; fileEncoding = 4; lastKnownFileType = sourcecode.c.h; path = FBViewController.h; sourceTree = "<group>"; };
		C519EEC51F74FC37004BCE3A /* FBViewController.m */ = {isa = PBXFileReference; fileEncoding = 4; lastKnownFileType = sourcecode.c.objc; path = FBViewController.m; sourceTree = "<group>"; };
		C519EEC71F74FCA8004BCE3A /* FBModel.h */ = {isa = PBXFileReference; fileEncoding = 4; lastKnownFileType = sourcecode.c.h; path = FBModel.h; sourceTree = "<group>"; };
		C519EEC81F74FCA8004BCE3A /* FBModel.m */ = {isa = PBXFileReference; fileEncoding = 4; lastKnownFileType = sourcecode.c.objc; path = FBModel.m; sourceTree = "<group>"; };
		C519EECC1F74FF7F004BCE3A /* Introduce */ = {isa = PBXFileReference; fileEncoding = 4; lastKnownFileType = text; path = Introduce; sourceTree = "<group>"; };
		C519EECE1F74FFB4004BCE3A /* AI.h */ = {isa = PBXFileReference; lastKnownFileType = sourcecode.c.h; path = AI.h; sourceTree = "<group>"; };
		C519EECF1F751E37004BCE3A /* FBIOManager.h */ = {isa = PBXFileReference; fileEncoding = 4; lastKnownFileType = sourcecode.c.h; path = FBIOManager.h; sourceTree = "<group>"; };
		C519EED01F751E37004BCE3A /* FBIOManager.m */ = {isa = PBXFileReference; fileEncoding = 4; lastKnownFileType = sourcecode.c.objc; path = FBIOManager.m; sourceTree = "<group>"; };
		C519EEF81F75274D004BCE3A /* NetTest.h */ = {isa = PBXFileReference; fileEncoding = 4; lastKnownFileType = sourcecode.c.h; path = NetTest.h; sourceTree = "<group>"; };
		C519EEF91F75274D004BCE3A /* NetTest.m */ = {isa = PBXFileReference; fileEncoding = 4; lastKnownFileType = sourcecode.c.objc; path = NetTest.m; sourceTree = "<group>"; };
		C5314A251F4E82F500EEAC43 /* RomanEmpire.app */ = {isa = PBXFileReference; explicitFileType = wrapper.application; includeInIndex = 0; path = RomanEmpire.app; sourceTree = BUILT_PRODUCTS_DIR; };
		C5314A291F4E82F500EEAC43 /* main.m */ = {isa = PBXFileReference; lastKnownFileType = sourcecode.c.objc; path = main.m; sourceTree = "<group>"; };
		C5314A2B1F4E82F500EEAC43 /* AppDelegate.h */ = {isa = PBXFileReference; lastKnownFileType = sourcecode.c.h; path = AppDelegate.h; sourceTree = "<group>"; };
		C5314A2C1F4E82F500EEAC43 /* AppDelegate.m */ = {isa = PBXFileReference; lastKnownFileType = sourcecode.c.objc; path = AppDelegate.m; sourceTree = "<group>"; };
		C5314A2E1F4E82F500EEAC43 /* ViewController.h */ = {isa = PBXFileReference; lastKnownFileType = sourcecode.c.h; path = ViewController.h; sourceTree = "<group>"; };
		C5314A2F1F4E82F500EEAC43 /* ViewController.m */ = {isa = PBXFileReference; lastKnownFileType = sourcecode.c.objc; path = ViewController.m; sourceTree = "<group>"; };
		C5314A321F4E82F500EEAC43 /* Base */ = {isa = PBXFileReference; lastKnownFileType = file.storyboard; name = Base; path = Base.lproj/Main.storyboard; sourceTree = "<group>"; };
		C5314A351F4E82F500EEAC43 /* RomanEmpire.xcdatamodel */ = {isa = PBXFileReference; lastKnownFileType = wrapper.xcdatamodel; path = RomanEmpire.xcdatamodel; sourceTree = "<group>"; };
		C5314A371F4E82F500EEAC43 /* Assets.xcassets */ = {isa = PBXFileReference; lastKnownFileType = folder.assetcatalog; path = Assets.xcassets; sourceTree = "<group>"; };
		C5314A3A1F4E82F500EEAC43 /* Base */ = {isa = PBXFileReference; lastKnownFileType = file.storyboard; name = Base; path = Base.lproj/LaunchScreen.storyboard; sourceTree = "<group>"; };
		C5314A3C1F4E82F500EEAC43 /* Info.plist */ = {isa = PBXFileReference; lastKnownFileType = text.plist.xml; path = Info.plist; sourceTree = "<group>"; };
		C5314A481F4EAB8C00EEAC43 /* Person.h */ = {isa = PBXFileReference; fileEncoding = 4; lastKnownFileType = sourcecode.c.h; path = Person.h; sourceTree = "<group>"; };
		C5314A491F4EAB8C00EEAC43 /* Person.m */ = {isa = PBXFileReference; fileEncoding = 4; lastKnownFileType = sourcecode.c.objc; path = Person.m; sourceTree = "<group>"; };
		C5314A4B1F4EAC3D00EEAC43 /* REHuman.h */ = {isa = PBXFileReference; fileEncoding = 4; lastKnownFileType = sourcecode.c.h; path = REHuman.h; sourceTree = "<group>"; };
		C5314A4C1F4EAC3D00EEAC43 /* REHuman.m */ = {isa = PBXFileReference; fileEncoding = 4; lastKnownFileType = sourcecode.c.objc; path = REHuman.m; sourceTree = "<group>"; };
		C582D1D91F6A8A6000903D33 /* FBLog.h */ = {isa = PBXFileReference; fileEncoding = 4; lastKnownFileType = sourcecode.c.h; path = FBLog.h; sourceTree = "<group>"; };
		C582D1DA1F6A8A6000903D33 /* FBLog.m */ = {isa = PBXFileReference; fileEncoding = 4; lastKnownFileType = sourcecode.c.objc; path = FBLog.m; sourceTree = "<group>"; };
		C582D1E01F6A96E200903D33 /* NSString+FBInfo.h */ = {isa = PBXFileReference; fileEncoding = 4; lastKnownFileType = sourcecode.c.h; path = "NSString+FBInfo.h"; sourceTree = "<group>"; };
		C582D1E11F6A96E200903D33 /* NSString+FBInfo.m */ = {isa = PBXFileReference; fileEncoding = 4; lastKnownFileType = sourcecode.c.objc; path = "NSString+FBInfo.m"; sourceTree = "<group>"; };
		C5A7D1ED1FA322FF0081E3D6 /* RuntimeTestVC.h */ = {isa = PBXFileReference; lastKnownFileType = sourcecode.c.h; path = RuntimeTestVC.h; sourceTree = "<group>"; };
		C5A7D1EE1FA322FF0081E3D6 /* RuntimeTestVC.m */ = {isa = PBXFileReference; lastKnownFileType = sourcecode.c.objc; path = RuntimeTestVC.m; sourceTree = "<group>"; };
/* End PBXFileReference section */

/* Begin PBXFrameworksBuildPhase section */
		C5314A221F4E82F500EEAC43 /* Frameworks */ = {
			isa = PBXFrameworksBuildPhase;
			buildActionMask = 2147483647;
			files = (
			);
			runOnlyForDeploymentPostprocessing = 0;
		};
/* End PBXFrameworksBuildPhase section */

/* Begin PBXGroup section */
		C519EEC31F74FBF9004BCE3A /* Kernel */ = {
			isa = PBXGroup;
			children = (
				C519EEC41F74FC37004BCE3A /* FBViewController.h */,
				C519EEC51F74FC37004BCE3A /* FBViewController.m */,
				C519EEC71F74FCA8004BCE3A /* FBModel.h */,
				C519EEC81F74FCA8004BCE3A /* FBModel.m */,
			);
			path = Kernel;
			sourceTree = "<group>";
		};
		C5314A1C1F4E82F500EEAC43 = {
			isa = PBXGroup;
			children = (
				C5314A271F4E82F500EEAC43 /* RomanEmpire */,
				C5314A261F4E82F500EEAC43 /* Products */,
			);
			sourceTree = "<group>";
		};
		C5314A261F4E82F500EEAC43 /* Products */ = {
			isa = PBXGroup;
			children = (
				C5314A251F4E82F500EEAC43 /* RomanEmpire.app */,
			);
			name = Products;
			sourceTree = "<group>";
		};
		C5314A271F4E82F500EEAC43 /* RomanEmpire */ = {
			isa = PBXGroup;
			children = (
				C5314A471F4EAAC900EEAC43 /* Architect */,
				C5314A431F4EA92600EEAC43 /* Matrix */,
				C5314A441F4EA93200EEAC43 /* Zion */,
				C5314A421F4EA7A800EEAC43 /* Components */,
				C5314A2B1F4E82F500EEAC43 /* AppDelegate.h */,
				C5314A2C1F4E82F500EEAC43 /* AppDelegate.m */,
				C5314A2E1F4E82F500EEAC43 /* ViewController.h */,
				C5314A2F1F4E82F500EEAC43 /* ViewController.m */,
				C5314A311F4E82F500EEAC43 /* Main.storyboard */,
				C5314A371F4E82F500EEAC43 /* Assets.xcassets */,
				C5314A391F4E82F500EEAC43 /* LaunchScreen.storyboard */,
				C5314A3C1F4E82F500EEAC43 /* Info.plist */,
				C5314A341F4E82F500EEAC43 /* RomanEmpire.xcdatamodeld */,
				C5314A281F4E82F500EEAC43 /* Supporting Files */,
			);
			path = RomanEmpire;
			sourceTree = "<group>";
		};
		C5314A281F4E82F500EEAC43 /* Supporting Files */ = {
			isa = PBXGroup;
			children = (
				C5314A291F4E82F500EEAC43 /* main.m */,
			);
			name = "Supporting Files";
			sourceTree = "<group>";
		};
		C5314A421F4EA7A800EEAC43 /* Components */ = {
			isa = PBXGroup;
			children = (
				C582D1DF1F6A96A100903D33 /* Categories */,
				C582D1D81F6A8A3700903D33 /* FBLog */,
			);
			path = Components;
			sourceTree = "<group>";
		};
		C5314A431F4EA92600EEAC43 /* Matrix */ = {
			isa = PBXGroup;
			children = (
				C519EEC31F74FBF9004BCE3A /* Kernel */,
				C582D18F1F59547A00903D33 /* AI */,
				C5314A461F4EAA6800EEAC43 /* Oracle */,
				C5314A451F4EAA6800EEAC43 /* Agent */,
			);
			path = Matrix;
			sourceTree = "<group>";
		};
		C5314A441F4EA93200EEAC43 /* Zion */ = {
			isa = PBXGroup;
			children = (
				C5314A481F4EAB8C00EEAC43 /* Person.h */,
				C5314A491F4EAB8C00EEAC43 /* Person.m */,
				C519EEF81F75274D004BCE3A /* NetTest.h */,
				C519EEF91F75274D004BCE3A /* NetTest.m */,
				C5A7D1ED1FA322FF0081E3D6 /* RuntimeTestVC.h */,
				C5A7D1EE1FA322FF0081E3D6 /* RuntimeTestVC.m */,
			);
			path = Zion;
			sourceTree = "<group>";
		};
		C5314A451F4EAA6800EEAC43 /* Agent */ = {
			isa = PBXGroup;
			children = (
			);
			path = Agent;
			sourceTree = "<group>";
		};
		C5314A461F4EAA6800EEAC43 /* Oracle */ = {
			isa = PBXGroup;
			children = (
				C519EECF1F751E37004BCE3A /* FBIOManager.h */,
				C519EED01F751E37004BCE3A /* FBIOManager.m */,
			);
			path = Oracle;
			sourceTree = "<group>";
		};
		C5314A471F4EAAC900EEAC43 /* Architect */ = {
			isa = PBXGroup;
			children = (
				C5314A4B1F4EAC3D00EEAC43 /* REHuman.h */,
				C5314A4C1F4EAC3D00EEAC43 /* REHuman.m */,
			);
			path = Architect;
			sourceTree = "<group>";
		};
		C582D18F1F59547A00903D33 /* AI */ = {
			isa = PBXGroup;
			children = (
				C519EECC1F74FF7F004BCE3A /* Introduce */,
				C519EECE1F74FFB4004BCE3A /* AI.h */,
			);
			path = AI;
			sourceTree = "<group>";
		};
		C582D1D81F6A8A3700903D33 /* FBLog */ = {
			isa = PBXGroup;
			children = (
				C582D1D91F6A8A6000903D33 /* FBLog.h */,
				C582D1DA1F6A8A6000903D33 /* FBLog.m */,
			);
			path = FBLog;
			sourceTree = "<group>";
		};
		C582D1DF1F6A96A100903D33 /* Categories */ = {
			isa = PBXGroup;
			children = (
				C582D1E01F6A96E200903D33 /* NSString+FBInfo.h */,
				C582D1E11F6A96E200903D33 /* NSString+FBInfo.m */,
			);
			path = Categories;
			sourceTree = "<group>";
		};
/* End PBXGroup section */

/* Begin PBXNativeTarget section */
		C5314A241F4E82F500EEAC43 /* RomanEmpire */ = {
			isa = PBXNativeTarget;
			buildConfigurationList = C5314A3F1F4E82F500EEAC43 /* Build configuration list for PBXNativeTarget "RomanEmpire" */;
			buildPhases = (
				C5314A211F4E82F500EEAC43 /* Sources */,
				C5314A221F4E82F500EEAC43 /* Frameworks */,
				C5314A231F4E82F500EEAC43 /* Resources */,
			);
			buildRules = (
			);
			dependencies = (
			);
			name = RomanEmpire;
			productName = RomanEmpire;
			productReference = C5314A251F4E82F500EEAC43 /* RomanEmpire.app */;
			productType = "com.apple.product-type.application";
		};
/* End PBXNativeTarget section */

/* Begin PBXProject section */
		C5314A1D1F4E82F500EEAC43 /* Project object */ = {
			isa = PBXProject;
			attributes = {
				LastUpgradeCheck = 0830;
				ORGANIZATIONNAME = Flyingbird;
				TargetAttributes = {
					C5314A241F4E82F500EEAC43 = {
						CreatedOnToolsVersion = 8.3.3;
						DevelopmentTeam = 4SA2E976SJ;
						ProvisioningStyle = Automatic;
					};
				};
			};
			buildConfigurationList = C5314A201F4E82F500EEAC43 /* Build configuration list for PBXProject "RomanEmpire" */;
			compatibilityVersion = "Xcode 3.2";
			developmentRegion = English;
			hasScannedForEncodings = 0;
			knownRegions = (
				en,
				Base,
			);
			mainGroup = C5314A1C1F4E82F500EEAC43;
			productRefGroup = C5314A261F4E82F500EEAC43 /* Products */;
			projectDirPath = "";
			projectRoot = "";
			targets = (
				C5314A241F4E82F500EEAC43 /* RomanEmpire */,
			);
		};
/* End PBXProject section */

/* Begin PBXResourcesBuildPhase section */
		C5314A231F4E82F500EEAC43 /* Resources */ = {
			isa = PBXResourcesBuildPhase;
			buildActionMask = 2147483647;
			files = (
				C519EECD1F74FF7F004BCE3A /* Introduce in Resources */,
				C5314A3B1F4E82F500EEAC43 /* LaunchScreen.storyboard in Resources */,
				C5314A381F4E82F500EEAC43 /* Assets.xcassets in Resources */,
				C5314A331F4E82F500EEAC43 /* Main.storyboard in Resources */,
			);
			runOnlyForDeploymentPostprocessing = 0;
		};
/* End PBXResourcesBuildPhase section */

/* Begin PBXSourcesBuildPhase section */
		C5314A211F4E82F500EEAC43 /* Sources */ = {
			isa = PBXSourcesBuildPhase;
			buildActionMask = 2147483647;
			files = (
				C5314A4D1F4EAC3D00EEAC43 /* REHuman.m in Sources */,
				C5314A301F4E82F500EEAC43 /* ViewController.m in Sources */,
				C519EEC61F74FC37004BCE3A /* FBViewController.m in Sources */,
				C582D1E21F6A96E200903D33 /* NSString+FBInfo.m in Sources */,
				C582D1DB1F6A8A6000903D33 /* FBLog.m in Sources */,
				C519EED11F751E37004BCE3A /* FBIOManager.m in Sources */,
				C519EEC91F74FCA8004BCE3A /* FBModel.m in Sources */,
				C519EEFA1F75274D004BCE3A /* NetTest.m in Sources */,
				C5A7D1EF1FA322FF0081E3D6 /* RuntimeTestVC.m in Sources */,
				C5314A2D1F4E82F500EEAC43 /* AppDelegate.m in Sources */,
				C5314A4A1F4EAB8D00EEAC43 /* Person.m in Sources */,
				C5314A2A1F4E82F500EEAC43 /* main.m in Sources */,
				C5314A361F4E82F500EEAC43 /* RomanEmpire.xcdatamodeld in Sources */,
			);
			runOnlyForDeploymentPostprocessing = 0;
		};
/* End PBXSourcesBuildPhase section */

/* Begin PBXVariantGroup section */
		C5314A311F4E82F500EEAC43 /* Main.storyboard */ = {
			isa = PBXVariantGroup;
			children = (
				C5314A321F4E82F500EEAC43 /* Base */,
			);
			name = Main.storyboard;
			sourceTree = "<group>";
		};
		C5314A391F4E82F500EEAC43 /* LaunchScreen.storyboard */ = {
			isa = PBXVariantGroup;
			children = (
				C5314A3A1F4E82F500EEAC43 /* Base */,
			);
			name = LaunchScreen.storyboard;
			sourceTree = "<group>";
		};
/* End PBXVariantGroup section */

/* Begin XCBuildConfiguration section */
		C5314A3D1F4E82F500EEAC43 /* Debug */ = {
			isa = XCBuildConfiguration;
			buildSettings = {
				ALWAYS_SEARCH_USER_PATHS = NO;
				CLANG_ANALYZER_NONNULL = YES;
				CLANG_ANALYZER_NUMBER_OBJECT_CONVERSION = YES_AGGRESSIVE;
				CLANG_CXX_LANGUAGE_STANDARD = "gnu++0x";
				CLANG_CXX_LIBRARY = "libc++";
				CLANG_ENABLE_MODULES = YES;
				CLANG_ENABLE_OBJC_ARC = YES;
				CLANG_WARN_BOOL_CONVERSION = YES;
				CLANG_WARN_CONSTANT_CONVERSION = YES;
				CLANG_WARN_DIRECT_OBJC_ISA_USAGE = YES_ERROR;
				CLANG_WARN_DOCUMENTATION_COMMENTS = YES;
				CLANG_WARN_EMPTY_BODY = YES;
				CLANG_WARN_ENUM_CONVERSION = YES;
				CLANG_WARN_INFINITE_RECURSION = YES;
				CLANG_WARN_INT_CONVERSION = YES;
				CLANG_WARN_OBJC_ROOT_CLASS = YES_ERROR;
				CLANG_WARN_SUSPICIOUS_MOVE = YES;
				CLANG_WARN_UNREACHABLE_CODE = YES;
				CLANG_WARN__DUPLICATE_METHOD_MATCH = YES;
				"CODE_SIGN_IDENTITY[sdk=iphoneos*]" = "iPhone Developer";
				COPY_PHASE_STRIP = NO;
				DEBUG_INFORMATION_FORMAT = dwarf;
				ENABLE_STRICT_OBJC_MSGSEND = YES;
				ENABLE_TESTABILITY = YES;
				GCC_C_LANGUAGE_STANDARD = gnu99;
				GCC_DYNAMIC_NO_PIC = NO;
				GCC_NO_COMMON_BLOCKS = YES;
				GCC_OPTIMIZATION_LEVEL = 0;
				GCC_PREPROCESSOR_DEFINITIONS = (
					"DEBUG=1",
					"$(inherited)",
				);
				GCC_WARN_64_TO_32_BIT_CONVERSION = YES;
				GCC_WARN_ABOUT_RETURN_TYPE = YES_ERROR;
				GCC_WARN_UNDECLARED_SELECTOR = YES;
				GCC_WARN_UNINITIALIZED_AUTOS = YES_AGGRESSIVE;
				GCC_WARN_UNUSED_FUNCTION = YES;
				GCC_WARN_UNUSED_VARIABLE = YES;
				IPHONEOS_DEPLOYMENT_TARGET = 10.3;
				MTL_ENABLE_DEBUG_INFO = YES;
				ONLY_ACTIVE_ARCH = YES;
				SDKROOT = iphoneos;
			};
			name = Debug;
		};
		C5314A3E1F4E82F500EEAC43 /* Release */ = {
			isa = XCBuildConfiguration;
			buildSettings = {
				ALWAYS_SEARCH_USER_PATHS = NO;
				CLANG_ANALYZER_NONNULL = YES;
				CLANG_ANALYZER_NUMBER_OBJECT_CONVERSION = YES_AGGRESSIVE;
				CLANG_CXX_LANGUAGE_STANDARD = "gnu++0x";
				CLANG_CXX_LIBRARY = "libc++";
				CLANG_ENABLE_MODULES = YES;
				CLANG_ENABLE_OBJC_ARC = YES;
				CLANG_WARN_BOOL_CONVERSION = YES;
				CLANG_WARN_CONSTANT_CONVERSION = YES;
				CLANG_WARN_DIRECT_OBJC_ISA_USAGE = YES_ERROR;
				CLANG_WARN_DOCUMENTATION_COMMENTS = YES;
				CLANG_WARN_EMPTY_BODY = YES;
				CLANG_WARN_ENUM_CONVERSION = YES;
				CLANG_WARN_INFINITE_RECURSION = YES;
				CLANG_WARN_INT_CONVERSION = YES;
				CLANG_WARN_OBJC_ROOT_CLASS = YES_ERROR;
				CLANG_WARN_SUSPICIOUS_MOVE = YES;
				CLANG_WARN_UNREACHABLE_CODE = YES;
				CLANG_WARN__DUPLICATE_METHOD_MATCH = YES;
				"CODE_SIGN_IDENTITY[sdk=iphoneos*]" = "iPhone Developer";
				COPY_PHASE_STRIP = NO;
				DEBUG_INFORMATION_FORMAT = "dwarf-with-dsym";
				ENABLE_NS_ASSERTIONS = NO;
				ENABLE_STRICT_OBJC_MSGSEND = YES;
				GCC_C_LANGUAGE_STANDARD = gnu99;
				GCC_NO_COMMON_BLOCKS = YES;
				GCC_WARN_64_TO_32_BIT_CONVERSION = YES;
				GCC_WARN_ABOUT_RETURN_TYPE = YES_ERROR;
				GCC_WARN_UNDECLARED_SELECTOR = YES;
				GCC_WARN_UNINITIALIZED_AUTOS = YES_AGGRESSIVE;
				GCC_WARN_UNUSED_FUNCTION = YES;
				GCC_WARN_UNUSED_VARIABLE = YES;
				IPHONEOS_DEPLOYMENT_TARGET = 10.3;
				MTL_ENABLE_DEBUG_INFO = NO;
				SDKROOT = iphoneos;
				VALIDATE_PRODUCT = YES;
			};
			name = Release;
		};
		C5314A401F4E82F500EEAC43 /* Debug */ = {
			isa = XCBuildConfiguration;
			buildSettings = {
				ASSETCATALOG_COMPILER_APPICON_NAME = AppIcon;
				DEVELOPMENT_TEAM = 4SA2E976SJ;
				INFOPLIST_FILE = RomanEmpire/Info.plist;
				LD_RUNPATH_SEARCH_PATHS = "$(inherited) @executable_path/Frameworks";
				PRODUCT_BUNDLE_IDENTIFIER = com.flyingbird.RomanEmpire;
				PRODUCT_NAME = "$(TARGET_NAME)";
			};
			name = Debug;
		};
		C5314A411F4E82F500EEAC43 /* Release */ = {
			isa = XCBuildConfiguration;
			buildSettings = {
				ASSETCATALOG_COMPILER_APPICON_NAME = AppIcon;
				DEVELOPMENT_TEAM = 4SA2E976SJ;
				INFOPLIST_FILE = RomanEmpire/Info.plist;
				LD_RUNPATH_SEARCH_PATHS = "$(inherited) @executable_path/Frameworks";
				PRODUCT_BUNDLE_IDENTIFIER = com.flyingbird.RomanEmpire;
				PRODUCT_NAME = "$(TARGET_NAME)";
			};
			name = Release;
		};
/* End XCBuildConfiguration section */

/* Begin XCConfigurationList section */
		C5314A201F4E82F500EEAC43 /* Build configuration list for PBXProject "RomanEmpire" */ = {
			isa = XCConfigurationList;
			buildConfigurations = (
				C5314A3D1F4E82F500EEAC43 /* Debug */,
				C5314A3E1F4E82F500EEAC43 /* Release */,
			);
			defaultConfigurationIsVisible = 0;
			defaultConfigurationName = Release;
		};
		C5314A3F1F4E82F500EEAC43 /* Build configuration list for PBXNativeTarget "RomanEmpire" */ = {
			isa = XCConfigurationList;
			buildConfigurations = (
				C5314A401F4E82F500EEAC43 /* Debug */,
				C5314A411F4E82F500EEAC43 /* Release */,
			);
			defaultConfigurationIsVisible = 0;
			defaultConfigurationName = Release;
		};
/* End XCConfigurationList section */

/* Begin XCVersionGroup section */
		C5314A341F4E82F500EEAC43 /* RomanEmpire.xcdatamodeld */ = {
			isa = XCVersionGroup;
			children = (
				C5314A351F4E82F500EEAC43 /* RomanEmpire.xcdatamodel */,
			);
			currentVersion = C5314A351F4E82F500EEAC43 /* RomanEmpire.xcdatamodel */;
			path = RomanEmpire.xcdatamodeld;
			sourceTree = "<group>";
			versionGroupType = wrapper.xcdatamodel;
		};
/* End XCVersionGroup section */
	};
	rootObject = C5314A1D1F4E82F500EEAC43 /* Project object */;
}
