// !$*UTF8*$!
{
	archiveVersion = 1;
	classes = {
	};
	objectVersion = 46;
	objects = {

/* Begin PBXBuildFile section */
		B285AECF5CC522F797268935 /* libPods-RomanEmpire.a in Frameworks */ = {isa = PBXBuildFile; fileRef = D4885B68E90F572BB2A7BCA7 /* libPods-RomanEmpire.a */; };
		C519EEFA1F75274D004BCE3A /* NetTest.m in Sources */ = {isa = PBXBuildFile; fileRef = C519EEF91F75274D004BCE3A /* NetTest.m */; };
		C5314A2A1F4E82F500EEAC43 /* main.m in Sources */ = {isa = PBXBuildFile; fileRef = C5314A291F4E82F500EEAC43 /* main.m */; };
		C5314A2D1F4E82F500EEAC43 /* AppDelegate.m in Sources */ = {isa = PBXBuildFile; fileRef = C5314A2C1F4E82F500EEAC43 /* AppDelegate.m */; };
		C5314A301F4E82F500EEAC43 /* ViewController.m in Sources */ = {isa = PBXBuildFile; fileRef = C5314A2F1F4E82F500EEAC43 /* ViewController.m */; };
		C5314A331F4E82F500EEAC43 /* Main.storyboard in Resources */ = {isa = PBXBuildFile; fileRef = C5314A311F4E82F500EEAC43 /* Main.storyboard */; };
		C5314A361F4E82F500EEAC43 /* RomanEmpire.xcdatamodeld in Sources */ = {isa = PBXBuildFile; fileRef = C5314A341F4E82F500EEAC43 /* RomanEmpire.xcdatamodeld */; };
		C5314A381F4E82F500EEAC43 /* Assets.xcassets in Resources */ = {isa = PBXBuildFile; fileRef = C5314A371F4E82F500EEAC43 /* Assets.xcassets */; };
		C5314A3B1F4E82F500EEAC43 /* LaunchScreen.storyboard in Resources */ = {isa = PBXBuildFile; fileRef = C5314A391F4E82F500EEAC43 /* LaunchScreen.storyboard */; };
		C5314A4A1F4EAB8D00EEAC43 /* Person.m in Sources */ = {isa = PBXBuildFile; fileRef = C5314A491F4EAB8C00EEAC43 /* Person.m */; };
		C5314A4D1F4EAC3D00EEAC43 /* REHuman.m in Sources */ = {isa = PBXBuildFile; fileRef = C5314A4C1F4EAC3D00EEAC43 /* REHuman.m */; };
		C5A7D1EF1FA322FF0081E3D6 /* RuntimeTestVC.m in Sources */ = {isa = PBXBuildFile; fileRef = C5A7D1EE1FA322FF0081E3D6 /* RuntimeTestVC.m */; };
		DC188A0B20DA418500253E25 /* RectProgressVC.m in Sources */ = {isa = PBXBuildFile; fileRef = DC188A0920DA418500253E25 /* RectProgressVC.m */; };
		DC188A0C20DA418500253E25 /* RectProgressVC.xib in Resources */ = {isa = PBXBuildFile; fileRef = DC188A0A20DA418500253E25 /* RectProgressVC.xib */; };
		DC1D31411FD4EA3900FE1A1E /* CellAnmiationTestVC.m in Sources */ = {isa = PBXBuildFile; fileRef = DC1D31401FD4EA3900FE1A1E /* CellAnmiationTestVC.m */; };
		DC53AC8120458AAE000DE4CC /* MultithreadingTest.m in Sources */ = {isa = PBXBuildFile; fileRef = DC53AC8020458AAE000DE4CC /* MultithreadingTest.m */; };
		DC53AC8420458B0C000DE4CC /* MultithreadingTestVC.m in Sources */ = {isa = PBXBuildFile; fileRef = DC53AC8320458B0C000DE4CC /* MultithreadingTestVC.m */; };
		DC8CF97A1FCBE2BD00DB395A /* LockTest.m in Sources */ = {isa = PBXBuildFile; fileRef = DC8CF9791FCBE2BD00DB395A /* LockTest.m */; };
		DC8CF97D1FCBE35C00DB395A /* TestCenterVC.m in Sources */ = {isa = PBXBuildFile; fileRef = DC8CF97C1FCBE35C00DB395A /* TestCenterVC.m */; };
		DC8CF99D1FCBF16F00DB395A /* FBIOManager.m in Sources */ = {isa = PBXBuildFile; fileRef = DC8CF9921FCBF16F00DB395A /* FBIOManager.m */; };
		DC8CF99E1FCBF16F00DB395A /* Introduce in Resources */ = {isa = PBXBuildFile; fileRef = DC8CF9961FCBF16F00DB395A /* Introduce */; };
		DC8CF99F1FCBF16F00DB395A /* FBModel.m in Sources */ = {isa = PBXBuildFile; fileRef = DC8CF99A1FCBF16F00DB395A /* FBModel.m */; };
		DC8CF9A01FCBF16F00DB395A /* FBViewController.m in Sources */ = {isa = PBXBuildFile; fileRef = DC8CF99B1FCBF16F00DB395A /* FBViewController.m */; };
		DC8CF9A81FCBF17C00DB395A /* FBLog.m in Sources */ = {isa = PBXBuildFile; fileRef = DC8CF9A41FCBF17B00DB395A /* FBLog.m */; };
		DC8CF9A91FCBF17C00DB395A /* NSString+FBInfo.m in Sources */ = {isa = PBXBuildFile; fileRef = DC8CF9A61FCBF17B00DB395A /* NSString+FBInfo.m */; };
		DCA1901021B7B65B00899D2C /* MyVideoJob.m in Sources */ = {isa = PBXBuildFile; fileRef = DCA1900F21B7B65B00899D2C /* MyVideoJob.m */; };
/* End PBXBuildFile section */

/* Begin PBXFileReference section */
		A2FC3FE7EEDD0EE1A1B7F437 /* Pods-RomanEmpire.debug.xcconfig */ = {isa = PBXFileReference; includeInIndex = 1; lastKnownFileType = text.xcconfig; name = "Pods-RomanEmpire.debug.xcconfig"; path = "Pods/Target Support Files/Pods-RomanEmpire/Pods-RomanEmpire.debug.xcconfig"; sourceTree = "<group>"; };
		C519EEC51F74FC37004BCE3A /* FBViewController.m */ = {isa = PBXFileReference; fileEncoding = 4; lastKnownFileType = sourcecode.c.objc; path = FBViewController.m; sourceTree = "<group>"; };
		C519EEC81F74FCA8004BCE3A /* FBModel.m */ = {isa = PBXFileReference; fileEncoding = 4; lastKnownFileType = sourcecode.c.objc; path = FBModel.m; sourceTree = "<group>"; };
		C519EECC1F74FF7F004BCE3A /* Introduce */ = {isa = PBXFileReference; fileEncoding = 4; lastKnownFileType = text; path = Introduce; sourceTree = "<group>"; };
		C519EED01F751E37004BCE3A /* FBIOManager.m */ = {isa = PBXFileReference; fileEncoding = 4; lastKnownFileType = sourcecode.c.objc; path = FBIOManager.m; sourceTree = "<group>"; };
		C519EEF81F75274D004BCE3A /* NetTest.h */ = {isa = PBXFileReference; fileEncoding = 4; lastKnownFileType = sourcecode.c.h; path = NetTest.h; sourceTree = "<group>"; };
		C519EEF91F75274D004BCE3A /* NetTest.m */ = {isa = PBXFileReference; fileEncoding = 4; lastKnownFileType = sourcecode.c.objc; path = NetTest.m; sourceTree = "<group>"; };
		C5314A251F4E82F500EEAC43 /* RomanEmpire.app */ = {isa = PBXFileReference; explicitFileType = wrapper.application; includeInIndex = 0; path = RomanEmpire.app; sourceTree = BUILT_PRODUCTS_DIR; };
		C5314A291F4E82F500EEAC43 /* main.m */ = {isa = PBXFileReference; lastKnownFileType = sourcecode.c.objc; path = main.m; sourceTree = "<group>"; };
		C5314A2B1F4E82F500EEAC43 /* AppDelegate.h */ = {isa = PBXFileReference; lastKnownFileType = sourcecode.c.h; path = AppDelegate.h; sourceTree = "<group>"; };
		C5314A2C1F4E82F500EEAC43 /* AppDelegate.m */ = {isa = PBXFileReference; lastKnownFileType = sourcecode.c.objc; path = AppDelegate.m; sourceTree = "<group>"; };
		C5314A2E1F4E82F500EEAC43 /* ViewController.h */ = {isa = PBXFileReference; lastKnownFileType = sourcecode.c.h; path = ViewController.h; sourceTree = "<group>"; };
		C5314A2F1F4E82F500EEAC43 /* ViewController.m */ = {isa = PBXFileReference; lastKnownFileType = sourcecode.c.objc; path = ViewController.m; sourceTree = "<group>"; };
		C5314A321F4E82F500EEAC43 /* Base */ = {isa = PBXFileReference; lastKnownFileType = file.storyboard; name = Base; path = Base.lproj/Main.storyboard; sourceTree = "<group>"; };
		C5314A351F4E82F500EEAC43 /* RomanEmpire.xcdatamodel */ = {isa = PBXFileReference; lastKnownFileType = wrapper.xcdatamodel; path = RomanEmpire.xcdatamodel; sourceTree = "<group>"; };
		C5314A371F4E82F500EEAC43 /* Assets.xcassets */ = {isa = PBXFileReference; lastKnownFileType = folder.assetcatalog; path = Assets.xcassets; sourceTree = "<group>"; };
		C5314A3A1F4E82F500EEAC43 /* Base */ = {isa = PBXFileReference; lastKnownFileType = file.storyboard; name = Base; path = Base.lproj/LaunchScreen.storyboard; sourceTree = "<group>"; };
		C5314A3C1F4E82F500EEAC43 /* Info.plist */ = {isa = PBXFileReference; lastKnownFileType = text.plist.xml; path = Info.plist; sourceTree = "<group>"; };
		C5314A481F4EAB8C00EEAC43 /* Person.h */ = {isa = PBXFileReference; fileEncoding = 4; lastKnownFileType = sourcecode.c.h; path = Person.h; sourceTree = "<group>"; };
		C5314A491F4EAB8C00EEAC43 /* Person.m */ = {isa = PBXFileReference; fileEncoding = 4; lastKnownFileType = sourcecode.c.objc; path = Person.m; sourceTree = "<group>"; };
		C5314A4B1F4EAC3D00EEAC43 /* REHuman.h */ = {isa = PBXFileReference; fileEncoding = 4; lastKnownFileType = sourcecode.c.h; path = REHuman.h; sourceTree = "<group>"; };
		C5314A4C1F4EAC3D00EEAC43 /* REHuman.m */ = {isa = PBXFileReference; fileEncoding = 4; lastKnownFileType = sourcecode.c.objc; path = REHuman.m; sourceTree = "<group>"; };
		C582D1DA1F6A8A6000903D33 /* FBLog.m */ = {isa = PBXFileReference; fileEncoding = 4; lastKnownFileType = sourcecode.c.objc; path = FBLog.m; sourceTree = "<group>"; };
		C582D1E11F6A96E200903D33 /* NSString+FBInfo.m */ = {isa = PBXFileReference; fileEncoding = 4; lastKnownFileType = sourcecode.c.objc; path = "NSString+FBInfo.m"; sourceTree = "<group>"; };
		C5A7D1ED1FA322FF0081E3D6 /* RuntimeTestVC.h */ = {isa = PBXFileReference; lastKnownFileType = sourcecode.c.h; path = RuntimeTestVC.h; sourceTree = "<group>"; };
		C5A7D1EE1FA322FF0081E3D6 /* RuntimeTestVC.m */ = {isa = PBXFileReference; lastKnownFileType = sourcecode.c.objc; path = RuntimeTestVC.m; sourceTree = "<group>"; };
		CFC353488F9AFB4944D6E0FF /* Pods-RomanEmpire.release.xcconfig */ = {isa = PBXFileReference; includeInIndex = 1; lastKnownFileType = text.xcconfig; name = "Pods-RomanEmpire.release.xcconfig"; path = "Pods/Target Support Files/Pods-RomanEmpire/Pods-RomanEmpire.release.xcconfig"; sourceTree = "<group>"; };
		D4885B68E90F572BB2A7BCA7 /* libPods-RomanEmpire.a */ = {isa = PBXFileReference; explicitFileType = archive.ar; includeInIndex = 0; path = "libPods-RomanEmpire.a"; sourceTree = BUILT_PRODUCTS_DIR; };
		DC188A0820DA418500253E25 /* RectProgressVC.h */ = {isa = PBXFileReference; lastKnownFileType = sourcecode.c.h; path = RectProgressVC.h; sourceTree = "<group>"; };
		DC188A0920DA418500253E25 /* RectProgressVC.m */ = {isa = PBXFileReference; lastKnownFileType = sourcecode.c.objc; path = RectProgressVC.m; sourceTree = "<group>"; };
		DC188A0A20DA418500253E25 /* RectProgressVC.xib */ = {isa = PBXFileReference; lastKnownFileType = file.xib; path = RectProgressVC.xib; sourceTree = "<group>"; };
		DC1D313F1FD4EA3900FE1A1E /* CellAnmiationTestVC.h */ = {isa = PBXFileReference; lastKnownFileType = sourcecode.c.h; path = CellAnmiationTestVC.h; sourceTree = "<group>"; };
		DC1D31401FD4EA3900FE1A1E /* CellAnmiationTestVC.m */ = {isa = PBXFileReference; lastKnownFileType = sourcecode.c.objc; path = CellAnmiationTestVC.m; sourceTree = "<group>"; };
		DC53AC7F20458AAE000DE4CC /* MultithreadingTest.h */ = {isa = PBXFileReference; lastKnownFileType = sourcecode.c.h; path = MultithreadingTest.h; sourceTree = "<group>"; };
		DC53AC8020458AAE000DE4CC /* MultithreadingTest.m */ = {isa = PBXFileReference; lastKnownFileType = sourcecode.c.objc; path = MultithreadingTest.m; sourceTree = "<group>"; };
		DC53AC8220458B0C000DE4CC /* MultithreadingTestVC.h */ = {isa = PBXFileReference; lastKnownFileType = sourcecode.c.h; path = MultithreadingTestVC.h; sourceTree = "<group>"; };
		DC53AC8320458B0C000DE4CC /* MultithreadingTestVC.m */ = {isa = PBXFileReference; lastKnownFileType = sourcecode.c.objc; path = MultithreadingTestVC.m; sourceTree = "<group>"; };
		DC8CF9781FCBE2BD00DB395A /* LockTest.h */ = {isa = PBXFileReference; lastKnownFileType = sourcecode.c.h; path = LockTest.h; sourceTree = "<group>"; };
		DC8CF9791FCBE2BD00DB395A /* LockTest.m */ = {isa = PBXFileReference; lastKnownFileType = sourcecode.c.objc; path = LockTest.m; sourceTree = "<group>"; };
		DC8CF97B1FCBE35C00DB395A /* TestCenterVC.h */ = {isa = PBXFileReference; lastKnownFileType = sourcecode.c.h; path = TestCenterVC.h; sourceTree = "<group>"; };
		DC8CF97C1FCBE35C00DB395A /* TestCenterVC.m */ = {isa = PBXFileReference; lastKnownFileType = sourcecode.c.objc; path = TestCenterVC.m; sourceTree = "<group>"; };
		DC8CF9911FCBF16F00DB395A /* FBIOManager.h */ = {isa = PBXFileReference; fileEncoding = 4; lastKnownFileType = sourcecode.c.h; path = FBIOManager.h; sourceTree = "<group>"; };
		DC8CF9921FCBF16F00DB395A /* FBIOManager.m */ = {isa = PBXFileReference; fileEncoding = 4; lastKnownFileType = sourcecode.c.objc; path = FBIOManager.m; sourceTree = "<group>"; };
		DC8CF9961FCBF16F00DB395A /* Introduce */ = {isa = PBXFileReference; fileEncoding = 4; lastKnownFileType = text; path = Introduce; sourceTree = "<group>"; };
		DC8CF9971FCBF16F00DB395A /* AI.h */ = {isa = PBXFileReference; fileEncoding = 4; lastKnownFileType = sourcecode.c.h; path = AI.h; sourceTree = "<group>"; };
		DC8CF9991FCBF16F00DB395A /* FBViewController.h */ = {isa = PBXFileReference; fileEncoding = 4; lastKnownFileType = sourcecode.c.h; path = FBViewController.h; sourceTree = "<group>"; };
		DC8CF99A1FCBF16F00DB395A /* FBModel.m */ = {isa = PBXFileReference; fileEncoding = 4; lastKnownFileType = sourcecode.c.objc; path = FBModel.m; sourceTree = "<group>"; };
		DC8CF99B1FCBF16F00DB395A /* FBViewController.m */ = {isa = PBXFileReference; fileEncoding = 4; lastKnownFileType = sourcecode.c.objc; path = FBViewController.m; sourceTree = "<group>"; };
		DC8CF99C1FCBF16F00DB395A /* FBModel.h */ = {isa = PBXFileReference; fileEncoding = 4; lastKnownFileType = sourcecode.c.h; path = FBModel.h; sourceTree = "<group>"; };
		DC8CF9A31FCBF17B00DB395A /* FBLog.h */ = {isa = PBXFileReference; fileEncoding = 4; lastKnownFileType = sourcecode.c.h; path = FBLog.h; sourceTree = "<group>"; };
		DC8CF9A41FCBF17B00DB395A /* FBLog.m */ = {isa = PBXFileReference; fileEncoding = 4; lastKnownFileType = sourcecode.c.objc; path = FBLog.m; sourceTree = "<group>"; };
		DC8CF9A61FCBF17B00DB395A /* NSString+FBInfo.m */ = {isa = PBXFileReference; fileEncoding = 4; lastKnownFileType = sourcecode.c.objc; path = "NSString+FBInfo.m"; sourceTree = "<group>"; };
		DC8CF9A71FCBF17B00DB395A /* NSString+FBInfo.h */ = {isa = PBXFileReference; fileEncoding = 4; lastKnownFileType = sourcecode.c.h; path = "NSString+FBInfo.h"; sourceTree = "<group>"; };
		DCA1900E21B7B65B00899D2C /* MyVideoJob.h */ = {isa = PBXFileReference; lastKnownFileType = sourcecode.c.h; path = MyVideoJob.h; sourceTree = "<group>"; };
		DCA1900F21B7B65B00899D2C /* MyVideoJob.m */ = {isa = PBXFileReference; lastKnownFileType = sourcecode.c.objc; path = MyVideoJob.m; sourceTree = "<group>"; };
/* End PBXFileReference section */

/* Begin PBXFrameworksBuildPhase section */
		C5314A221F4E82F500EEAC43 /* Frameworks */ = {
			isa = PBXFrameworksBuildPhase;
			buildActionMask = 2147483647;
			files = (
				B285AECF5CC522F797268935 /* libPods-RomanEmpire.a in Frameworks */,
			);
			runOnlyForDeploymentPostprocessing = 0;
		};
/* End PBXFrameworksBuildPhase section */

/* Begin PBXGroup section */
		70C80D07F63AC4A8B01B2BF5 /* Frameworks */ = {
			isa = PBXGroup;
			children = (
				D4885B68E90F572BB2A7BCA7 /* libPods-RomanEmpire.a */,
			);
			name = Frameworks;
			sourceTree = "<group>";
		};
		851ABB9474DAA84CB220F5EB /* Pods */ = {
			isa = PBXGroup;
			children = (
				A2FC3FE7EEDD0EE1A1B7F437 /* Pods-RomanEmpire.debug.xcconfig */,
				CFC353488F9AFB4944D6E0FF /* Pods-RomanEmpire.release.xcconfig */,
			);
			name = Pods;
			sourceTree = "<group>";
		};
		C5314A1C1F4E82F500EEAC43 = {
			isa = PBXGroup;
			children = (
				C5314A271F4E82F500EEAC43 /* RomanEmpire */,
				C5314A261F4E82F500EEAC43 /* Products */,
				DC8CF98E1FCBEF7F00DB395A /* Recovered References */,
				851ABB9474DAA84CB220F5EB /* Pods */,
				70C80D07F63AC4A8B01B2BF5 /* Frameworks */,
			);
			sourceTree = "<group>";
		};
		C5314A261F4E82F500EEAC43 /* Products */ = {
			isa = PBXGroup;
			children = (
				C5314A251F4E82F500EEAC43 /* RomanEmpire.app */,
			);
			name = Products;
			sourceTree = "<group>";
		};
		C5314A271F4E82F500EEAC43 /* RomanEmpire */ = {
			isa = PBXGroup;
			children = (
				C5314A471F4EAAC900EEAC43 /* Architect */,
				DC8CF98F1FCBF16F00DB395A /* Matrix */,
				C5314A441F4EA93200EEAC43 /* Zion */,
				DC8CF9A11FCBF17B00DB395A /* Components */,
				DCA1900D21B7B63800899D2C /* Test */,
				C5314A2B1F4E82F500EEAC43 /* AppDelegate.h */,
				C5314A2C1F4E82F500EEAC43 /* AppDelegate.m */,
				C5314A2E1F4E82F500EEAC43 /* ViewController.h */,
				C5314A2F1F4E82F500EEAC43 /* ViewController.m */,
				C5314A311F4E82F500EEAC43 /* Main.storyboard */,
				C5314A371F4E82F500EEAC43 /* Assets.xcassets */,
				C5314A391F4E82F500EEAC43 /* LaunchScreen.storyboard */,
				C5314A3C1F4E82F500EEAC43 /* Info.plist */,
				C5314A341F4E82F500EEAC43 /* RomanEmpire.xcdatamodeld */,
				C5314A281F4E82F500EEAC43 /* Supporting Files */,
			);
			path = RomanEmpire;
			sourceTree = "<group>";
		};
		C5314A281F4E82F500EEAC43 /* Supporting Files */ = {
			isa = PBXGroup;
			children = (
				C5314A291F4E82F500EEAC43 /* main.m */,
			);
			name = "Supporting Files";
			sourceTree = "<group>";
		};
		C5314A441F4EA93200EEAC43 /* Zion */ = {
			isa = PBXGroup;
			children = (
				DC8CF97B1FCBE35C00DB395A /* TestCenterVC.h */,
				DC8CF97C1FCBE35C00DB395A /* TestCenterVC.m */,
				C5314A481F4EAB8C00EEAC43 /* Person.h */,
				C5314A491F4EAB8C00EEAC43 /* Person.m */,
				C519EEF81F75274D004BCE3A /* NetTest.h */,
				C519EEF91F75274D004BCE3A /* NetTest.m */,
				C5A7D1ED1FA322FF0081E3D6 /* RuntimeTestVC.h */,
				C5A7D1EE1FA322FF0081E3D6 /* RuntimeTestVC.m */,
				DC8CF9781FCBE2BD00DB395A /* LockTest.h */,
				DC8CF9791FCBE2BD00DB395A /* LockTest.m */,
				DC1D313F1FD4EA3900FE1A1E /* CellAnmiationTestVC.h */,
				DC1D31401FD4EA3900FE1A1E /* CellAnmiationTestVC.m */,
				DC53AC7F20458AAE000DE4CC /* MultithreadingTest.h */,
				DC53AC8020458AAE000DE4CC /* MultithreadingTest.m */,
				DC53AC8220458B0C000DE4CC /* MultithreadingTestVC.h */,
				DC53AC8320458B0C000DE4CC /* MultithreadingTestVC.m */,
				DC188A0820DA418500253E25 /* RectProgressVC.h */,
				DC188A0920DA418500253E25 /* RectProgressVC.m */,
				DC188A0A20DA418500253E25 /* RectProgressVC.xib */,
			);
			path = Zion;
			sourceTree = "<group>";
		};
		C5314A471F4EAAC900EEAC43 /* Architect */ = {
			isa = PBXGroup;
			children = (
				C5314A4B1F4EAC3D00EEAC43 /* REHuman.h */,
				C5314A4C1F4EAC3D00EEAC43 /* REHuman.m */,
			);
			path = Architect;
			sourceTree = "<group>";
		};
		DC8CF98E1FCBEF7F00DB395A /* Recovered References */ = {
			isa = PBXGroup;
			children = (
				C519EEC51F74FC37004BCE3A /* FBViewController.m */,
				C582D1E11F6A96E200903D33 /* NSString+FBInfo.m */,
				C582D1DA1F6A8A6000903D33 /* FBLog.m */,
				C519EED01F751E37004BCE3A /* FBIOManager.m */,
				C519EEC81F74FCA8004BCE3A /* FBModel.m */,
				C519EECC1F74FF7F004BCE3A /* Introduce */,
			);
			name = "Recovered References";
			sourceTree = "<group>";
		};
		DC8CF98F1FCBF16F00DB395A /* Matrix */ = {
			isa = PBXGroup;
			children = (
				DC8CF9901FCBF16F00DB395A /* Oracle */,
				DC8CF9931FCBF16F00DB395A /* Agent */,
				DC8CF9941FCBF16F00DB395A /* AI */,
				DC8CF9981FCBF16F00DB395A /* Kernel */,
			);
			path = Matrix;
			sourceTree = "<group>";
		};
		DC8CF9901FCBF16F00DB395A /* Oracle */ = {
			isa = PBXGroup;
			children = (
				DC8CF9911FCBF16F00DB395A /* FBIOManager.h */,
				DC8CF9921FCBF16F00DB395A /* FBIOManager.m */,
			);
			path = Oracle;
			sourceTree = "<group>";
		};
		DC8CF9931FCBF16F00DB395A /* Agent */ = {
			isa = PBXGroup;
			children = (
			);
			path = Agent;
			sourceTree = "<group>";
		};
		DC8CF9941FCBF16F00DB395A /* AI */ = {
			isa = PBXGroup;
			children = (
				DC8CF9951FCBF16F00DB395A /* DeepLearning */,
				DC8CF9961FCBF16F00DB395A /* Introduce */,
				DC8CF9971FCBF16F00DB395A /* AI.h */,
			);
			path = AI;
			sourceTree = "<group>";
		};
		DC8CF9951FCBF16F00DB395A /* DeepLearning */ = {
			isa = PBXGroup;
			children = (
			);
			path = DeepLearning;
			sourceTree = "<group>";
		};
		DC8CF9981FCBF16F00DB395A /* Kernel */ = {
			isa = PBXGroup;
			children = (
				DC8CF9991FCBF16F00DB395A /* FBViewController.h */,
				DC8CF99B1FCBF16F00DB395A /* FBViewController.m */,
				DC8CF99C1FCBF16F00DB395A /* FBModel.h */,
				DC8CF99A1FCBF16F00DB395A /* FBModel.m */,
			);
			path = Kernel;
			sourceTree = "<group>";
		};
		DC8CF9A11FCBF17B00DB395A /* Components */ = {
			isa = PBXGroup;
			children = (
				DC8CF9A21FCBF17B00DB395A /* FBLog */,
				DC8CF9A51FCBF17B00DB395A /* Categories */,
			);
			path = Components;
			sourceTree = "<group>";
		};
		DC8CF9A21FCBF17B00DB395A /* FBLog */ = {
			isa = PBXGroup;
			children = (
				DC8CF9A31FCBF17B00DB395A /* FBLog.h */,
				DC8CF9A41FCBF17B00DB395A /* FBLog.m */,
			);
			path = FBLog;
			sourceTree = "<group>";
		};
		DC8CF9A51FCBF17B00DB395A /* Categories */ = {
			isa = PBXGroup;
			children = (
				DC8CF9A61FCBF17B00DB395A /* NSString+FBInfo.m */,
				DC8CF9A71FCBF17B00DB395A /* NSString+FBInfo.h */,
			);
			path = Categories;
			sourceTree = "<group>";
		};
		DCA1900D21B7B63800899D2C /* Test */ = {
			isa = PBXGroup;
			children = (
				DCA1900E21B7B65B00899D2C /* MyVideoJob.h */,
				DCA1900F21B7B65B00899D2C /* MyVideoJob.m */,
			);
			path = Test;
			sourceTree = "<group>";
		};
/* End PBXGroup section */

/* Begin PBXNativeTarget section */
		C5314A241F4E82F500EEAC43 /* RomanEmpire */ = {
			isa = PBXNativeTarget;
			buildConfigurationList = C5314A3F1F4E82F500EEAC43 /* Build configuration list for PBXNativeTarget "RomanEmpire" */;
			buildPhases = (
				018F2919E5488390BE9787F8 /* [CP] Check Pods Manifest.lock */,
				C5314A211F4E82F500EEAC43 /* Sources */,
				C5314A221F4E82F500EEAC43 /* Frameworks */,
				C5314A231F4E82F500EEAC43 /* Resources */,
			);
			buildRules = (
			);
			dependencies = (
			);
			name = RomanEmpire;
			productName = RomanEmpire;
			productReference = C5314A251F4E82F500EEAC43 /* RomanEmpire.app */;
			productType = "com.apple.product-type.application";
		};
/* End PBXNativeTarget section */

/* Begin PBXProject section */
		C5314A1D1F4E82F500EEAC43 /* Project object */ = {
			isa = PBXProject;
			attributes = {
				LastUpgradeCheck = 0830;
				ORGANIZATIONNAME = Flyingbird;
				TargetAttributes = {
					C5314A241F4E82F500EEAC43 = {
						CreatedOnToolsVersion = 8.3.3;
						DevelopmentTeam = SLRDBXE3XE;
						ProvisioningStyle = Automatic;
					};
				};
			};
			buildConfigurationList = C5314A201F4E82F500EEAC43 /* Build configuration list for PBXProject "RomanEmpire" */;
			compatibilityVersion = "Xcode 3.2";
			developmentRegion = English;
			hasScannedForEncodings = 0;
			knownRegions = (
				en,
				Base,
			);
			mainGroup = C5314A1C1F4E82F500EEAC43;
			productRefGroup = C5314A261F4E82F500EEAC43 /* Products */;
			projectDirPath = "";
			projectRoot = "";
			targets = (
				C5314A241F4E82F500EEAC43 /* RomanEmpire */,
			);
		};
/* End PBXProject section */

/* Begin PBXResourcesBuildPhase section */
		C5314A231F4E82F500EEAC43 /* Resources */ = {
			isa = PBXResourcesBuildPhase;
			buildActionMask = 2147483647;
			files = (
				DC8CF99E1FCBF16F00DB395A /* Introduce in Resources */,
				C5314A3B1F4E82F500EEAC43 /* LaunchScreen.storyboard in Resources */,
				C5314A381F4E82F500EEAC43 /* Assets.xcassets in Resources */,
				C5314A331F4E82F500EEAC43 /* Main.storyboard in Resources */,
				DC188A0C20DA418500253E25 /* RectProgressVC.xib in Resources */,
			);
			runOnlyForDeploymentPostprocessing = 0;
		};
/* End PBXResourcesBuildPhase section */

/* Begin PBXShellScriptBuildPhase section */
		018F2919E5488390BE9787F8 /* [CP] Check Pods Manifest.lock */ = {
			isa = PBXShellScriptBuildPhase;
			buildActionMask = 2147483647;
			files = (
			);
			inputPaths = (
				"${PODS_PODFILE_DIR_PATH}/Podfile.lock",
				"${PODS_ROOT}/Manifest.lock",
			);
			name = "[CP] Check Pods Manifest.lock";
			outputPaths = (
				"$(DERIVED_FILE_DIR)/Pods-RomanEmpire-checkManifestLockResult.txt",
			);
			runOnlyForDeploymentPostprocessing = 0;
			shellPath = /bin/sh;
			shellScript = "diff \"${PODS_PODFILE_DIR_PATH}/Podfile.lock\" \"${PODS_ROOT}/Manifest.lock\" > /dev/null\nif [ $? != 0 ] ; then\n    # print error to STDERR\n    echo \"error: The sandbox is not in sync with the Podfile.lock. Run 'pod install' or update your CocoaPods installation.\" >&2\n    exit 1\nfi\n# This output is used by Xcode 'outputs' to avoid re-running this script phase.\necho \"SUCCESS\" > \"${SCRIPT_OUTPUT_FILE_0}\"\n";
			showEnvVarsInLog = 0;
		};
/* End PBXShellScriptBuildPhase section */

/* Begin PBXSourcesBuildPhase section */
		C5314A211F4E82F500EEAC43 /* Sources */ = {
			isa = PBXSourcesBuildPhase;
			buildActionMask = 2147483647;
			files = (
				C5314A4D1F4EAC3D00EEAC43 /* REHuman.m in Sources */,
				C5314A301F4E82F500EEAC43 /* ViewController.m in Sources */,
				DC8CF9A01FCBF16F00DB395A /* FBViewController.m in Sources */,
				DC8CF99D1FCBF16F00DB395A /* FBIOManager.m in Sources */,
				DC8CF97D1FCBE35C00DB395A /* TestCenterVC.m in Sources */,
				DC8CF97A1FCBE2BD00DB395A /* LockTest.m in Sources */,
				DC8CF9A81FCBF17C00DB395A /* FBLog.m in Sources */,
				DC8CF99F1FCBF16F00DB395A /* FBModel.m in Sources */,
				C519EEFA1F75274D004BCE3A /* NetTest.m in Sources */,
				DC53AC8420458B0C000DE4CC /* MultithreadingTestVC.m in Sources */,
				DC188A0B20DA418500253E25 /* RectProgressVC.m in Sources */,
				DC1D31411FD4EA3900FE1A1E /* CellAnmiationTestVC.m in Sources */,
				C5A7D1EF1FA322FF0081E3D6 /* RuntimeTestVC.m in Sources */,
				DC8CF9A91FCBF17C00DB395A /* NSString+FBInfo.m in Sources */,
				DC53AC8120458AAE000DE4CC /* MultithreadingTest.m in Sources */,
				DCA1901021B7B65B00899D2C /* MyVideoJob.m in Sources */,
				C5314A2D1F4E82F500EEAC43 /* AppDelegate.m in Sources */,
				C5314A4A1F4EAB8D00EEAC43 /* Person.m in Sources */,
				C5314A2A1F4E82F500EEAC43 /* main.m in Sources */,
				C5314A361F4E82F500EEAC43 /* RomanEmpire.xcdatamodeld in Sources */,
			);
			runOnlyForDeploymentPostprocessing = 0;
		};
/* End PBXSourcesBuildPhase section */

/* Begin PBXVariantGroup section */
		C5314A311F4E82F500EEAC43 /* Main.storyboard */ = {
			isa = PBXVariantGroup;
			children = (
				C5314A321F4E82F500EEAC43 /* Base */,
			);
			name = Main.storyboard;
			sourceTree = "<group>";
		};
		C5314A391F4E82F500EEAC43 /* LaunchScreen.storyboard */ = {
			isa = PBXVariantGroup;
			children = (
				C5314A3A1F4E82F500EEAC43 /* Base */,
			);
			name = LaunchScreen.storyboard;
			sourceTree = "<group>";
		};
/* End PBXVariantGroup section */

/* Begin XCBuildConfiguration section */
		C5314A3D1F4E82F500EEAC43 /* Debug */ = {
			isa = XCBuildConfiguration;
			buildSettings = {
				ALWAYS_SEARCH_USER_PATHS = NO;
				CLANG_ANALYZER_NONNULL = YES;
				CLANG_ANALYZER_NUMBER_OBJECT_CONVERSION = YES_AGGRESSIVE;
				CLANG_CXX_LANGUAGE_STANDARD = "gnu++0x";
				CLANG_CXX_LIBRARY = "libc++";
				CLANG_ENABLE_MODULES = YES;
				CLANG_ENABLE_OBJC_ARC = YES;
				CLANG_WARN_BOOL_CONVERSION = YES;
				CLANG_WARN_CONSTANT_CONVERSION = YES;
				CLANG_WARN_DIRECT_OBJC_ISA_USAGE = YES_ERROR;
				CLANG_WARN_DOCUMENTATION_COMMENTS = YES;
				CLANG_WARN_EMPTY_BODY = YES;
				CLANG_WARN_ENUM_CONVERSION = YES;
				CLANG_WARN_INFINITE_RECURSION = YES;
				CLANG_WARN_INT_CONVERSION = YES;
				CLANG_WARN_OBJC_ROOT_CLASS = YES_ERROR;
				CLANG_WARN_SUSPICIOUS_MOVE = YES;
				CLANG_WARN_UNREACHABLE_CODE = YES;
				CLANG_WARN__DUPLICATE_METHOD_MATCH = YES;
				"CODE_SIGN_IDENTITY[sdk=iphoneos*]" = "iPhone Developer";
				COPY_PHASE_STRIP = NO;
				DEBUG_INFORMATION_FORMAT = dwarf;
				ENABLE_STRICT_OBJC_MSGSEND = YES;
				ENABLE_TESTABILITY = YES;
				GCC_C_LANGUAGE_STANDARD = gnu99;
				GCC_DYNAMIC_NO_PIC = NO;
				GCC_NO_COMMON_BLOCKS = YES;
				GCC_OPTIMIZATION_LEVEL = 0;
				GCC_PREPROCESSOR_DEFINITIONS = (
					"DEBUG=1",
					"$(inherited)",
				);
				GCC_WARN_64_TO_32_BIT_CONVERSION = YES;
				GCC_WARN_ABOUT_RETURN_TYPE = YES_ERROR;
				GCC_WARN_UNDECLARED_SELECTOR = YES;
				GCC_WARN_UNINITIALIZED_AUTOS = YES_AGGRESSIVE;
				GCC_WARN_UNUSED_FUNCTION = YES;
				GCC_WARN_UNUSED_VARIABLE = YES;
				IPHONEOS_DEPLOYMENT_TARGET = 10.3;
				MTL_ENABLE_DEBUG_INFO = YES;
				ONLY_ACTIVE_ARCH = YES;
				SDKROOT = iphoneos;
			};
			name = Debug;
		};
		C5314A3E1F4E82F500EEAC43 /* Release */ = {
			isa = XCBuildConfiguration;
			buildSettings = {
				ALWAYS_SEARCH_USER_PATHS = NO;
				CLANG_ANALYZER_NONNULL = YES;
				CLANG_ANALYZER_NUMBER_OBJECT_CONVERSION = YES_AGGRESSIVE;
				CLANG_CXX_LANGUAGE_STANDARD = "gnu++0x";
				CLANG_CXX_LIBRARY = "libc++";
				CLANG_ENABLE_MODULES = YES;
				CLANG_ENABLE_OBJC_ARC = YES;
				CLANG_WARN_BOOL_CONVERSION = YES;
				CLANG_WARN_CONSTANT_CONVERSION = YES;
				CLANG_WARN_DIRECT_OBJC_ISA_USAGE = YES_ERROR;
				CLANG_WARN_DOCUMENTATION_COMMENTS = YES;
				CLANG_WARN_EMPTY_BODY = YES;
				CLANG_WARN_ENUM_CONVERSION = YES;
				CLANG_WARN_INFINITE_RECURSION = YES;
				CLANG_WARN_INT_CONVERSION = YES;
				CLANG_WARN_OBJC_ROOT_CLASS = YES_ERROR;
				CLANG_WARN_SUSPICIOUS_MOVE = YES;
				CLANG_WARN_UNREACHABLE_CODE = YES;
				CLANG_WARN__DUPLICATE_METHOD_MATCH = YES;
				"CODE_SIGN_IDENTITY[sdk=iphoneos*]" = "iPhone Developer";
				COPY_PHASE_STRIP = NO;
				DEBUG_INFORMATION_FORMAT = "dwarf-with-dsym";
				ENABLE_NS_ASSERTIONS = NO;
				ENABLE_STRICT_OBJC_MSGSEND = YES;
				GCC_C_LANGUAGE_STANDARD = gnu99;
				GCC_NO_COMMON_BLOCKS = YES;
				GCC_WARN_64_TO_32_BIT_CONVERSION = YES;
				GCC_WARN_ABOUT_RETURN_TYPE = YES_ERROR;
				GCC_WARN_UNDECLARED_SELECTOR = YES;
				GCC_WARN_UNINITIALIZED_AUTOS = YES_AGGRESSIVE;
				GCC_WARN_UNUSED_FUNCTION = YES;
				GCC_WARN_UNUSED_VARIABLE = YES;
				IPHONEOS_DEPLOYMENT_TARGET = 10.3;
				MTL_ENABLE_DEBUG_INFO = NO;
				SDKROOT = iphoneos;
				VALIDATE_PRODUCT = YES;
			};
			name = Release;
		};
		C5314A401F4E82F500EEAC43 /* Debug */ = {
			isa = XCBuildConfiguration;
			baseConfigurationReference = A2FC3FE7EEDD0EE1A1B7F437 /* Pods-RomanEmpire.debug.xcconfig */;
			buildSettings = {
				ASSETCATALOG_COMPILER_APPICON_NAME = AppIcon;
				DEVELOPMENT_TEAM = SLRDBXE3XE;
				INFOPLIST_FILE = RomanEmpire/Info.plist;
				IPHONEOS_DEPLOYMENT_TARGET = 9.0;
				LD_RUNPATH_SEARCH_PATHS = "$(inherited) @executable_path/Frameworks";
				PRODUCT_BUNDLE_IDENTIFIER = com.flyingbird.RomanEmpire;
				PRODUCT_NAME = "$(TARGET_NAME)";
			};
			name = Debug;
		};
		C5314A411F4E82F500EEAC43 /* Release */ = {
			isa = XCBuildConfiguration;
			baseConfigurationReference = CFC353488F9AFB4944D6E0FF /* Pods-RomanEmpire.release.xcconfig */;
			buildSettings = {
				ASSETCATALOG_COMPILER_APPICON_NAME = AppIcon;
				DEVELOPMENT_TEAM = SLRDBXE3XE;
				INFOPLIST_FILE = RomanEmpire/Info.plist;
				IPHONEOS_DEPLOYMENT_TARGET = 9.0;
				LD_RUNPATH_SEARCH_PATHS = "$(inherited) @executable_path/Frameworks";
				PRODUCT_BUNDLE_IDENTIFIER = com.flyingbird.RomanEmpire;
				PRODUCT_NAME = "$(TARGET_NAME)";
			};
			name = Release;
		};
/* End XCBuildConfiguration section */

/* Begin XCConfigurationList section */
		C5314A201F4E82F500EEAC43 /* Build configuration list for PBXProject "RomanEmpire" */ = {
			isa = XCConfigurationList;
			buildConfigurations = (
				C5314A3D1F4E82F500EEAC43 /* Debug */,
				C5314A3E1F4E82F500EEAC43 /* Release */,
			);
			defaultConfigurationIsVisible = 0;
			defaultConfigurationName = Release;
		};
		C5314A3F1F4E82F500EEAC43 /* Build configuration list for PBXNativeTarget "RomanEmpire" */ = {
			isa = XCConfigurationList;
			buildConfigurations = (
				C5314A401F4E82F500EEAC43 /* Debug */,
				C5314A411F4E82F500EEAC43 /* Release */,
			);
			defaultConfigurationIsVisible = 0;
			defaultConfigurationName = Release;
		};
/* End XCConfigurationList section */

/* Begin XCVersionGroup section */
		C5314A341F4E82F500EEAC43 /* RomanEmpire.xcdatamodeld */ = {
			isa = XCVersionGroup;
			children = (
				C5314A351F4E82F500EEAC43 /* RomanEmpire.xcdatamodel */,
			);
			currentVersion = C5314A351F4E82F500EEAC43 /* RomanEmpire.xcdatamodel */;
			path = RomanEmpire.xcdatamodeld;
			sourceTree = "<group>";
			versionGroupType = wrapper.xcdatamodel;
		};
/* End XCVersionGroup section */
	};
	rootObject = C5314A1D1F4E82F500EEAC43 /* Project object */;
}
